
Microsoft Visual Studio Solution File, Format Version 12.00
# Visual Studio Version 17
VisualStudioVersion = 17.0.32002.185
MinimumVisualStudioVersion = 10.0.40219.1
Project("{FAE04EC0-301F-11D3-BF4B-00C04F79EFBC}") = "OpenPdfOrImage", "OpenPdfOrImage\OpenPdfOrImage.csproj", "{C5581E0A-C70C-4FE5-9790-701118258236}"
EndProject
Global
	GlobalSection(SolutionConfigurationPlatforms) = preSolution
		Debug|Any CPU = Debug|Any CPU
		Release|Any CPU = Release|Any CPU
	EndGlobalSection
	GlobalSection(ProjectConfigurationPlatforms) = postSolution
		{C5581E0A-C70C-4FE5-9790-701118258236}.Debug|Any CPU.ActiveCfg = Debug|Any CPU
		{C5581E0A-C70C-4FE5-9790-701118258236}.Debug|Any CPU.Build.0 = Debug|Any CPU
		{C5581E0A-C70C-4FE5-9790-701118258236}.Release|Any CPU.ActiveCfg = Release|Any CPU
		{C5581E0A-C70C-4FE5-9790-701118258236}.Release|Any CPU.Build.0 = Release|Any CPU
	EndGlobalSection
	GlobalSection(SolutionProperties) = preSolution
		HideSolutionNode = FALSE
	EndGlobalSection
	GlobalSection(ExtensibilityGlobals) = postSolution
		SolutionGuid = {42DC8641-BC8B-4780-B098-236D9E5D9C05}
	EndGlobalSection
EndGlobal
